
Microsoft Visual Studio Solution File, Format Version 12.00
# Visual Studio Version 16
VisualStudioVersion = 16.0.29326.143
MinimumVisualStudioVersion = 10.0.40219.1
Project("{FAE04EC0-301F-11D3-BF4B-00C04F79EFBC}") = "PLANET_proj01", "PLANET_proj01\PLANET_proj01.csproj", "{12D2656D-FFCF-4C8E-BC91-2A8FA699BAAB}"
EndProject
Global
	GlobalSection(SolutionConfigurationPlatforms) = preSolution
		Debug|Any CPU = Debug|Any CPU
		Release|Any CPU = Release|Any CPU
	EndGlobalSection
	GlobalSection(ProjectConfigurationPlatforms) = postSolution
		{12D2656D-FFCF-4C8E-BC91-2A8FA699BAAB}.Debug|Any CPU.ActiveCfg = Debug|Any CPU
		{12D2656D-FFCF-4C8E-BC91-2A8FA699BAAB}.Debug|Any CPU.Build.0 = Debug|Any CPU
		{12D2656D-FFCF-4C8E-BC91-2A8FA699BAAB}.Release|Any CPU.ActiveCfg = Release|Any CPU
		{12D2656D-FFCF-4C8E-BC91-2A8FA699BAAB}.Release|Any CPU.Build.0 = Release|Any CPU
	EndGlobalSection
	GlobalSection(SolutionProperties) = preSolution
		HideSolutionNode = FALSE
	EndGlobalSection
	GlobalSection(ExtensibilityGlobals) = postSolution
		SolutionGuid = {059B3078-F23F-434E-BDC2-2D7AB4BCC151}
	EndGlobalSection
EndGlobal
